
Microsoft Visual Studio Solution File, Format Version 12.00
# Visual Studio Version 17
VisualStudioVersion = 17.8.34511.84
MinimumVisualStudioVersion = 10.0.40219.1
Project("{FAE04EC0-301F-11D3-BF4B-00C04F79EFBC}") = "ExpressionInterpreter", "ExpressionInterpreter.csproj", "{CF277A5D-9D2C-4720-9E7E-EA376F868A10}"
EndProject
Project("{6EC3EE1D-3C4E-46DD-8F32-0CC8E7565705}") = "Interpreter", "Interpreter\Interpreter.fsproj", "{1EECA2C0-A41E-419E-88B0-8C441343406D}"
EndProject
Global
	GlobalSection(SolutionConfigurationPlatforms) = preSolution
		Debug|Any CPU = Debug|Any CPU
		Release|Any CPU = Release|Any CPU
	EndGlobalSection
	GlobalSection(ProjectConfigurationPlatforms) = postSolution
		{CF277A5D-9D2C-4720-9E7E-EA376F868A10}.Debug|Any CPU.ActiveCfg = Debug|Any CPU
		{CF277A5D-9D2C-4720-9E7E-EA376F868A10}.Debug|Any CPU.Build.0 = Debug|Any CPU
		{CF277A5D-9D2C-4720-9E7E-EA376F868A10}.Release|Any CPU.ActiveCfg = Release|Any CPU
		{CF277A5D-9D2C-4720-9E7E-EA376F868A10}.Release|Any CPU.Build.0 = Release|Any CPU
		{1EECA2C0-A41E-419E-88B0-8C441343406D}.Debug|Any CPU.ActiveCfg = Debug|Any CPU
		{1EECA2C0-A41E-419E-88B0-8C441343406D}.Debug|Any CPU.Build.0 = Debug|Any CPU
		{1EECA2C0-A41E-419E-88B0-8C441343406D}.Release|Any CPU.ActiveCfg = Release|Any CPU
		{1EECA2C0-A41E-419E-88B0-8C441343406D}.Release|Any CPU.Build.0 = Release|Any CPU
	EndGlobalSection
	GlobalSection(SolutionProperties) = preSolution
		HideSolutionNode = FALSE
	EndGlobalSection
	GlobalSection(ExtensibilityGlobals) = postSolution
		SolutionGuid = {0C7B2417-1184-4C19-9C10-F86B051D2C0C}
	EndGlobalSection
EndGlobal
